{
  "name": "org.cordova.quasar.app",
  "version": "1.0.0",
  "lockfileVersion": 2,
  "requires": true,
  "packages": {
    "": {
      "name": "org.cordova.quasar.app",
      "version": "1.0.0",
      "license": "Apache-2.0",
      "devDependencies": {
        "cordova-plugin-file": "^8.0.0",
        "cordova-plugin-filemanager": "file:../src/plugin-backend"
      }
    },
    "../src/plugin-backend": {
      "name": "cordova-plugin-filemanager",
      "version": "0.2.3",
      "dev": true,
      "license": "Apache 2.0"
    },
    "node_modules/cordova-plugin-file": {
      "version": "8.0.0",
      "resolved": "https://registry.npmjs.org/cordova-plugin-file/-/cordova-plugin-file-8.0.0.tgz",
      "integrity": "sha512-pgxCJtDjDKzyeqvrn0KnDubf9b1VLv+OyWTXjUR7T52o7oGDUkR3ubT89i/1ugHtRU6mY7XIGHD4drUByDQClw==",
      "dev": true,
      "engines": {
        "cordovaDependencies": {
          "5.0.0": {
            "cordova-android": ">=6.3.0"
          },
          "7.0.0": {
            "cordova-android": ">=10.0.0"
          },
          "8.0.0": {
            "cordova-android": ">=12.0.0"
          },
          "9.0.0": {
            "cordova": ">100"
          }
        }
      }
    },
    "node_modules/cordova-plugin-filemanager": {
      "resolved": "../src/plugin-backend",
      "link": true
    }
  },
  "dependencies": {
    "cordova-plugin-file": {
      "version": "8.0.0",
      "resolved": "https://registry.npmjs.org/cordova-plugin-file/-/cordova-plugin-file-8.0.0.tgz",
      "integrity": "sha512-pgxCJtDjDKzyeqvrn0KnDubf9b1VLv+OyWTXjUR7T52o7oGDUkR3ubT89i/1ugHtRU6mY7XIGHD4drUByDQClw==",
      "dev": true
    },
    "cordova-plugin-filemanager": {
      "version": "file:../src/plugin-backend"
    }
  }
}
